{
  "version": 4,
  "terraform_version": "1.2.0",
  "serial": 13,
  "lineage": "dedcf367-56d1-e7a4-dec9-14aefe289465",
  "outputs": {},
  "resources": [
    {
      "module": "module.sql-database",
      "mode": "managed",
      "type": "azurerm_resource_group",
      "name": "rg",
      "provider": "module.sql-database.provider[\"registry.terraform.io/hashicorp/azurerm\"]",
      "instances": [
        {
          "schema_version": 0,
          "attributes": {
            "id": "/subscriptions/2c54b4c3-e1db-41a1-81a7-63db50730625/resourceGroups/myapp",
            "location": "westus",
            "name": "myapp",
            "tags": null,
            "timeouts": null
          },
          "sensitive_attributes": [],
          "private": "eyJlMmJmYjczMC1lY2FhLTExZTYtOGY4OC0zNDM2M2JjN2M0YzAiOnsiY3JlYXRlIjo1NDAwMDAwMDAwMDAwLCJkZWxldGUiOjU0MDAwMDAwMDAwMDAsInJlYWQiOjMwMDAwMDAwMDAwMCwidXBkYXRlIjo1NDAwMDAwMDAwMDAwfX0="
        }
      ]
    },
    {
      "module": "module.sql-database",
      "mode": "managed",
      "type": "azurerm_sql_database",
      "name": "db",
      "provider": "module.sql-database.provider[\"registry.terraform.io/hashicorp/azurerm\"]",
      "instances": [
        {
          "schema_version": 0,
          "attributes": {
            "collation": "SQL_Latin1_General_CP1_CI_AS",
            "create_mode": "Default",
            "creation_date": "2022-06-22T11:02:09.687Z",
            "default_secondary_location": "East US",
            "edition": "Basic",
            "elastic_pool_name": "",
            "encryption": "",
            "id": "/subscriptions/2c54b4c3-e1db-41a1-81a7-63db50730625/resourceGroups/myapp/providers/Microsoft.Sql/servers/mydatabase9317-sqlsvr/databases/mydatabase9317",
            "import": [],
            "location": "westus",
            "max_size_bytes": "2147483648",
            "max_size_gb": null,
            "name": "mydatabase9317",
            "read_scale": false,
            "requested_service_objective_id": "dd6d99bb-f193-4ec1-86f2-43d3bccbc49c",
            "requested_service_objective_name": "Basic",
            "resource_group_name": "myapp",
            "restore_point_in_time": null,
            "server_name": "mydatabase9317-sqlsvr",
            "source_database_deletion_date": null,
            "source_database_id": null,
            "tags": {
              "costcenter": "it",
              "environment": "dev"
            },
            "threat_detection_policy": [
              {
                "disabled_alerts": [],
                "email_account_admins": "Disabled",
                "email_addresses": [],
                "retention_days": 0,
                "state": "Disabled",
                "storage_account_access_key": "",
                "storage_endpoint": ""
              }
            ],
            "timeouts": null,
            "zone_redundant": false
          },
          "sensitive_attributes": [],
          "private": "eyJlMmJmYjczMC1lY2FhLTExZTYtOGY4OC0zNDM2M2JjN2M0YzAiOnsiY3JlYXRlIjozNjAwMDAwMDAwMDAwLCJkZWxldGUiOjM2MDAwMDAwMDAwMDAsInJlYWQiOjMwMDAwMDAwMDAwMCwidXBkYXRlIjozNjAwMDAwMDAwMDAwfX0=",
          "dependencies": [
            "module.sql-database.azurerm_resource_group.rg",
            "module.sql-database.azurerm_sql_server.server"
          ]
        }
      ]
    },
    {
      "module": "module.sql-database",
      "mode": "managed",
      "type": "azurerm_sql_firewall_rule",
      "name": "fw",
      "provider": "module.sql-database.provider[\"registry.terraform.io/hashicorp/azurerm\"]",
      "instances": [
        {
          "schema_version": 0,
          "attributes": {
            "end_ip_address": "0.0.0.0",
            "id": "/subscriptions/2c54b4c3-e1db-41a1-81a7-63db50730625/resourceGroups/myapp/providers/Microsoft.Sql/servers/mydatabase9317-sqlsvr/firewallRules/mydatabase9317-fwrules",
            "name": "mydatabase9317-fwrules",
            "resource_group_name": "myapp",
            "server_name": "mydatabase9317-sqlsvr",
            "start_ip_address": "0.0.0.0",
            "timeouts": null
          },
          "sensitive_attributes": [],
          "private": "eyJlMmJmYjczMC1lY2FhLTExZTYtOGY4OC0zNDM2M2JjN2M0YzAiOnsiY3JlYXRlIjoxODAwMDAwMDAwMDAwLCJkZWxldGUiOjE4MDAwMDAwMDAwMDAsInJlYWQiOjMwMDAwMDAwMDAwMCwidXBkYXRlIjoxODAwMDAwMDAwMDAwfX0=",
          "dependencies": [
            "module.sql-database.azurerm_resource_group.rg",
            "module.sql-database.azurerm_sql_server.server"
          ]
        }
      ]
    },
    {
      "module": "module.sql-database",
      "mode": "managed",
      "type": "azurerm_sql_server",
      "name": "server",
      "provider": "module.sql-database.provider[\"registry.terraform.io/hashicorp/azurerm\"]",
      "instances": [
        {
          "schema_version": 0,
          "attributes": {
            "administrator_login": "mradministrator",
            "administrator_login_password": "P@ssw0rd12345!",
            "connection_policy": "Default",
            "fully_qualified_domain_name": "mydatabase9317-sqlsvr.database.windows.net",
            "id": "/subscriptions/2c54b4c3-e1db-41a1-81a7-63db50730625/resourceGroups/myapp/providers/Microsoft.Sql/servers/mydatabase9317-sqlsvr",
            "identity": [],
            "location": "westus",
            "name": "mydatabase9317-sqlsvr",
            "resource_group_name": "myapp",
            "tags": {
              "costcenter": "it",
              "environment": "dev"
            },
            "threat_detection_policy": [
              {
                "disabled_alerts": [
                  ""
                ],
                "email_account_admins": false,
                "email_addresses": [
                  ""
                ],
                "retention_days": 0,
                "state": "Disabled",
                "storage_account_access_key": "",
                "storage_endpoint": ""
              }
            ],
            "timeouts": null,
            "version": "12.0"
          },
          "sensitive_attributes": [],
          "private": "eyJlMmJmYjczMC1lY2FhLTExZTYtOGY4OC0zNDM2M2JjN2M0YzAiOnsiY3JlYXRlIjozNjAwMDAwMDAwMDAwLCJkZWxldGUiOjM2MDAwMDAwMDAwMDAsInJlYWQiOjMwMDAwMDAwMDAwMCwidXBkYXRlIjozNjAwMDAwMDAwMDAwfX0=",
          "dependencies": [
            "module.sql-database.azurerm_resource_group.rg"
          ]
        }
      ]
    }
  ]
}
